Microsoft Visual Studio Solution File, Format Version 12.00
# Visual Studio Version 17
VisualStudioVersion = 17.5.2.0
MinimumVisualStudioVersion = 10.0.40219.1
Project("{FAE04EC0-301F-11D3-BF4B-00C04F79EFBC}") = "TinyShop.AppHost", "TinyShop.AppHost.csproj", "{6287FFBE-C28C-5AC7-4BDD-8C38232A22D5}"
EndProject
Global
	GlobalSection(SolutionConfigurationPlatforms) = preSolution
		Debug|Any CPU = Debug|Any CPU
		Release|Any CPU = Release|Any CPU
	EndGlobalSection
	GlobalSection(ProjectConfigurationPlatforms) = postSolution
		{6287FFBE-C28C-5AC7-4BDD-8C38232A22D5}.Debug|Any CPU.ActiveCfg = Debug|Any CPU
		{6287FFBE-C28C-5AC7-4BDD-8C38232A22D5}.Debug|Any CPU.Build.0 = Debug|Any CPU
		{6287FFBE-C28C-5AC7-4BDD-8C38232A22D5}.Release|Any CPU.ActiveCfg = Release|Any CPU
		{6287FFBE-C28C-5AC7-4BDD-8C38232A22D5}.Release|Any CPU.Build.0 = Release|Any CPU
	EndGlobalSection
	GlobalSection(SolutionProperties) = preSolution
		HideSolutionNode = FALSE
	EndGlobalSection
	GlobalSection(ExtensibilityGlobals) = postSolution
		SolutionGuid = {89869815-E7BD-41FB-B4FC-3AF1419A9AF8}
	EndGlobalSection
EndGlobal
